
Microsoft Visual Studio Solution File, Format Version 12.00
# Visual Studio 15
VisualStudioVersion = 15.0.26430.16
MinimumVisualStudioVersion = 10.0.40219.1
Project("{FAE04EC0-301F-11D3-BF4B-00C04F79EFBC}") = "StockingController", "StockingController\StockingController.csproj", "{2AA57EFA-051A-4684-847A-5DF05091C3BC}"
EndProject
Global
	GlobalSection(SolutionConfigurationPlatforms) = preSolution
		Debug|Any CPU = Debug|Any CPU
		Release|Any CPU = Release|Any CPU
	EndGlobalSection
	GlobalSection(ProjectConfigurationPlatforms) = postSolution
		{2AA57EFA-051A-4684-847A-5DF05091C3BC}.Debug|Any CPU.ActiveCfg = Debug|Any CPU
		{2AA57EFA-051A-4684-847A-5DF05091C3BC}.Debug|Any CPU.Build.0 = Debug|Any CPU
		{2AA57EFA-051A-4684-847A-5DF05091C3BC}.Release|Any CPU.ActiveCfg = Release|Any CPU
		{2AA57EFA-051A-4684-847A-5DF05091C3BC}.Release|Any CPU.Build.0 = Release|Any CPU
	EndGlobalSection
	GlobalSection(SolutionProperties) = preSolution
		HideSolutionNode = FALSE
	EndGlobalSection
EndGlobal
