
Microsoft Visual Studio Solution File, Format Version 12.00
# Visual Studio 15
VisualStudioVersion = 15.0.26430.16
MinimumVisualStudioVersion = 10.0.40219.1
Project("{FAE04EC0-301F-11D3-BF4B-00C04F79EFBC}") = "Vehicles", "Vehicles\Vehicles.csproj", "{A0FC7A32-16EE-47C5-A1B2-1DB82A4E0BE7}"
EndProject
Project("{FAE04EC0-301F-11D3-BF4B-00C04F79EFBC}") = "main", "main\main.csproj", "{A9613506-61C5-405F-B25B-D17DF4F65C7A}"
EndProject
Global
	GlobalSection(SolutionConfigurationPlatforms) = preSolution
		Debug|Any CPU = Debug|Any CPU
		Release|Any CPU = Release|Any CPU
	EndGlobalSection
	GlobalSection(ProjectConfigurationPlatforms) = postSolution
		{A0FC7A32-16EE-47C5-A1B2-1DB82A4E0BE7}.Debug|Any CPU.ActiveCfg = Debug|Any CPU
		{A0FC7A32-16EE-47C5-A1B2-1DB82A4E0BE7}.Debug|Any CPU.Build.0 = Debug|Any CPU
		{A0FC7A32-16EE-47C5-A1B2-1DB82A4E0BE7}.Release|Any CPU.ActiveCfg = Release|Any CPU
		{A0FC7A32-16EE-47C5-A1B2-1DB82A4E0BE7}.Release|Any CPU.Build.0 = Release|Any CPU
		{A9613506-61C5-405F-B25B-D17DF4F65C7A}.Debug|Any CPU.ActiveCfg = Debug|Any CPU
		{A9613506-61C5-405F-B25B-D17DF4F65C7A}.Debug|Any CPU.Build.0 = Debug|Any CPU
		{A9613506-61C5-405F-B25B-D17DF4F65C7A}.Release|Any CPU.ActiveCfg = Release|Any CPU
		{A9613506-61C5-405F-B25B-D17DF4F65C7A}.Release|Any CPU.Build.0 = Release|Any CPU
	EndGlobalSection
	GlobalSection(SolutionProperties) = preSolution
		HideSolutionNode = FALSE
	EndGlobalSection
EndGlobal
